// !$*UTF8*$!
{
	archiveVersion = 1;
	classes = {
	};
	objectVersion = 56;
	objects = {

/* Begin PBXBuildFile section */
		26E43F0B2ACC5EF2005A79A0 /* AppDelegate.swift in Sources */ = {isa = PBXBuildFile; fileRef = 26E43F0A2ACC5EF2005A79A0 /* AppDelegate.swift */; };
		26E43F0D2ACC5EF2005A79A0 /* ViewController.swift in Sources */ = {isa = PBXBuildFile; fileRef = 26E43F0C2ACC5EF2005A79A0 /* ViewController.swift */; };
		26E43F0F2ACC5EF4005A79A0 /* Assets.xcassets in Resources */ = {isa = PBXBuildFile; fileRef = 26E43F0E2ACC5EF4005A79A0 /* Assets.xcassets */; };
		26E43F122ACC5EF4005A79A0 /* Main.storyboard in Resources */ = {isa = PBXBuildFile; fileRef = 26E43F102ACC5EF4005A79A0 /* Main.storyboard */; };
		26E43F1D2ACC5EF4005A79A0 /* KindleReaderTests.swift in Sources */ = {isa = PBXBuildFile; fileRef = 26E43F1C2ACC5EF4005A79A0 /* KindleReaderTests.swift */; };
		26E43F272ACC5EF4005A79A0 /* KindleReaderUITests.swift in Sources */ = {isa = PBXBuildFile; fileRef = 26E43F262ACC5EF4005A79A0 /* KindleReaderUITests.swift */; };
		26E43F292ACC5EF4005A79A0 /* KindleReaderUITestsLaunchTests.swift in Sources */ = {isa = PBXBuildFile; fileRef = 26E43F282ACC5EF4005A79A0 /* KindleReaderUITestsLaunchTests.swift */; };
		26E43F362ACD63F9005A79A0 /* SelectKindleViewController.swift in Sources */ = {isa = PBXBuildFile; fileRef = 26E43F352ACD63F9005A79A0 /* SelectKindleViewController.swift */; };
/* End PBXBuildFile section */

/* Begin PBXContainerItemProxy section */
		26E43F192ACC5EF4005A79A0 /* PBXContainerItemProxy */ = {
			isa = PBXContainerItemProxy;
			containerPortal = 26E43EFF2ACC5EF2005A79A0 /* Project object */;
			proxyType = 1;
			remoteGlobalIDString = 26E43F062ACC5EF2005A79A0;
			remoteInfo = KindleReader;
		};
		26E43F232ACC5EF4005A79A0 /* PBXContainerItemProxy */ = {
			isa = PBXContainerItemProxy;
			containerPortal = 26E43EFF2ACC5EF2005A79A0 /* Project object */;
			proxyType = 1;
			remoteGlobalIDString = 26E43F062ACC5EF2005A79A0;
			remoteInfo = KindleReader;
		};
/* End PBXContainerItemProxy section */

/* Begin PBXFileReference section */
		26E43F072ACC5EF2005A79A0 /* KindleReader.app */ = {isa = PBXFileReference; explicitFileType = wrapper.application; includeInIndex = 0; path = KindleReader.app; sourceTree = BUILT_PRODUCTS_DIR; };
		26E43F0A2ACC5EF2005A79A0 /* AppDelegate.swift */ = {isa = PBXFileReference; lastKnownFileType = sourcecode.swift; path = AppDelegate.swift; sourceTree = "<group>"; };
		26E43F0C2ACC5EF2005A79A0 /* ViewController.swift */ = {isa = PBXFileReference; lastKnownFileType = sourcecode.swift; path = ViewController.swift; sourceTree = "<group>"; };
		26E43F0E2ACC5EF4005A79A0 /* Assets.xcassets */ = {isa = PBXFileReference; lastKnownFileType = folder.assetcatalog; path = Assets.xcassets; sourceTree = "<group>"; };
		26E43F112ACC5EF4005A79A0 /* Base */ = {isa = PBXFileReference; lastKnownFileType = file.storyboard; name = Base; path = Base.lproj/Main.storyboard; sourceTree = "<group>"; };
		26E43F132ACC5EF4005A79A0 /* KindleReader.entitlements */ = {isa = PBXFileReference; lastKnownFileType = text.plist.entitlements; path = KindleReader.entitlements; sourceTree = "<group>"; };
		26E43F182ACC5EF4005A79A0 /* KindleReaderTests.xctest */ = {isa = PBXFileReference; explicitFileType = wrapper.cfbundle; includeInIndex = 0; path = KindleReaderTests.xctest; sourceTree = BUILT_PRODUCTS_DIR; };
		26E43F1C2ACC5EF4005A79A0 /* KindleReaderTests.swift */ = {isa = PBXFileReference; lastKnownFileType = sourcecode.swift; path = KindleReaderTests.swift; sourceTree = "<group>"; };
		26E43F222ACC5EF4005A79A0 /* KindleReaderUITests.xctest */ = {isa = PBXFileReference; explicitFileType = wrapper.cfbundle; includeInIndex = 0; path = KindleReaderUITests.xctest; sourceTree = BUILT_PRODUCTS_DIR; };
		26E43F262ACC5EF4005A79A0 /* KindleReaderUITests.swift */ = {isa = PBXFileReference; lastKnownFileType = sourcecode.swift; path = KindleReaderUITests.swift; sourceTree = "<group>"; };
		26E43F282ACC5EF4005A79A0 /* KindleReaderUITestsLaunchTests.swift */ = {isa = PBXFileReference; lastKnownFileType = sourcecode.swift; path = KindleReaderUITestsLaunchTests.swift; sourceTree = "<group>"; };
		26E43F352ACD63F9005A79A0 /* SelectKindleViewController.swift */ = {isa = PBXFileReference; lastKnownFileType = sourcecode.swift; path = SelectKindleViewController.swift; sourceTree = "<group>"; };
/* End PBXFileReference section */

/* Begin PBXFrameworksBuildPhase section */
		26E43F042ACC5EF2005A79A0 /* Frameworks */ = {
			isa = PBXFrameworksBuildPhase;
			buildActionMask = 2147483647;
			files = (
			);
			runOnlyForDeploymentPostprocessing = 0;
		};
		26E43F152ACC5EF4005A79A0 /* Frameworks */ = {
			isa = PBXFrameworksBuildPhase;
			buildActionMask = 2147483647;
			files = (
			);
			runOnlyForDeploymentPostprocessing = 0;
		};
		26E43F1F2ACC5EF4005A79A0 /* Frameworks */ = {
			isa = PBXFrameworksBuildPhase;
			buildActionMask = 2147483647;
			files = (
			);
			runOnlyForDeploymentPostprocessing = 0;
		};
/* End PBXFrameworksBuildPhase section */

/* Begin PBXGroup section */
		26E43EFE2ACC5EF2005A79A0 = {
			isa = PBXGroup;
			children = (
				26E43F092ACC5EF2005A79A0 /* KindleReader */,
				26E43F1B2ACC5EF4005A79A0 /* KindleReaderTests */,
				26E43F252ACC5EF4005A79A0 /* KindleReaderUITests */,
				26E43F082ACC5EF2005A79A0 /* Products */,
			);
			sourceTree = "<group>";
		};
		26E43F082ACC5EF2005A79A0 /* Products */ = {
			isa = PBXGroup;
			children = (
				26E43F072ACC5EF2005A79A0 /* KindleReader.app */,
				26E43F182ACC5EF4005A79A0 /* KindleReaderTests.xctest */,
				26E43F222ACC5EF4005A79A0 /* KindleReaderUITests.xctest */,
			);
			name = Products;
			sourceTree = "<group>";
		};
		26E43F092ACC5EF2005A79A0 /* KindleReader */ = {
			isa = PBXGroup;
			children = (
				26E43F0A2ACC5EF2005A79A0 /* AppDelegate.swift */,
				26E43F0C2ACC5EF2005A79A0 /* ViewController.swift */,
				26E43F0E2ACC5EF4005A79A0 /* Assets.xcassets */,
				26E43F102ACC5EF4005A79A0 /* Main.storyboard */,
				26E43F132ACC5EF4005A79A0 /* KindleReader.entitlements */,
				26E43F352ACD63F9005A79A0 /* SelectKindleViewController.swift */,
			);
			path = KindleReader;
			sourceTree = "<group>";
		};
		26E43F1B2ACC5EF4005A79A0 /* KindleReaderTests */ = {
			isa = PBXGroup;
			children = (
				26E43F1C2ACC5EF4005A79A0 /* KindleReaderTests.swift */,
			);
			path = KindleReaderTests;
			sourceTree = "<group>";
		};
		26E43F252ACC5EF4005A79A0 /* KindleReaderUITests */ = {
			isa = PBXGroup;
			children = (
				26E43F262ACC5EF4005A79A0 /* KindleReaderUITests.swift */,
				26E43F282ACC5EF4005A79A0 /* KindleReaderUITestsLaunchTests.swift */,
			);
			path = KindleReaderUITests;
			sourceTree = "<group>";
		};
/* End PBXGroup section */

/* Begin PBXNativeTarget section */
		26E43F062ACC5EF2005A79A0 /* KindleReader */ = {
			isa = PBXNativeTarget;
			buildConfigurationList = 26E43F2C2ACC5EF4005A79A0 /* Build configuration list for PBXNativeTarget "KindleReader" */;
			buildPhases = (
				26E43F032ACC5EF2005A79A0 /* Sources */,
				26E43F042ACC5EF2005A79A0 /* Frameworks */,
				26E43F052ACC5EF2005A79A0 /* Resources */,
			);
			buildRules = (
			);
			dependencies = (
			);
			name = KindleReader;
			productName = KindleReader;
			productReference = 26E43F072ACC5EF2005A79A0 /* KindleReader.app */;
			productType = "com.apple.product-type.application";
		};
		26E43F172ACC5EF4005A79A0 /* KindleReaderTests */ = {
			isa = PBXNativeTarget;
			buildConfigurationList = 26E43F2F2ACC5EF4005A79A0 /* Build configuration list for PBXNativeTarget "KindleReaderTests" */;
			buildPhases = (
				26E43F142ACC5EF4005A79A0 /* Sources */,
				26E43F152ACC5EF4005A79A0 /* Frameworks */,
				26E43F162ACC5EF4005A79A0 /* Resources */,
			);
			buildRules = (
			);
			dependencies = (
				26E43F1A2ACC5EF4005A79A0 /* PBXTargetDependency */,
			);
			name = KindleReaderTests;
			productName = KindleReaderTests;
			productReference = 26E43F182ACC5EF4005A79A0 /* KindleReaderTests.xctest */;
			productType = "com.apple.product-type.bundle.unit-test";
		};
		26E43F212ACC5EF4005A79A0 /* KindleReaderUITests */ = {
			isa = PBXNativeTarget;
			buildConfigurationList = 26E43F322ACC5EF4005A79A0 /* Build configuration list for PBXNativeTarget "KindleReaderUITests" */;
			buildPhases = (
				26E43F1E2ACC5EF4005A79A0 /* Sources */,
				26E43F1F2ACC5EF4005A79A0 /* Frameworks */,
				26E43F202ACC5EF4005A79A0 /* Resources */,
			);
			buildRules = (
			);
			dependencies = (
				26E43F242ACC5EF4005A79A0 /* PBXTargetDependency */,
			);
			name = KindleReaderUITests;
			productName = KindleReaderUITests;
			productReference = 26E43F222ACC5EF4005A79A0 /* KindleReaderUITests.xctest */;
			productType = "com.apple.product-type.bundle.ui-testing";
		};
/* End PBXNativeTarget section */

/* Begin PBXProject section */
		26E43EFF2ACC5EF2005A79A0 /* Project object */ = {
			isa = PBXProject;
			attributes = {
				BuildIndependentTargetsInParallel = 1;
				LastSwiftUpdateCheck = 1430;
				LastUpgradeCheck = 1430;
				TargetAttributes = {
					26E43F062ACC5EF2005A79A0 = {
						CreatedOnToolsVersion = 14.3.1;
					};
					26E43F172ACC5EF4005A79A0 = {
						CreatedOnToolsVersion = 14.3.1;
						TestTargetID = 26E43F062ACC5EF2005A79A0;
					};
					26E43F212ACC5EF4005A79A0 = {
						CreatedOnToolsVersion = 14.3.1;
						TestTargetID = 26E43F062ACC5EF2005A79A0;
					};
				};
			};
			buildConfigurationList = 26E43F022ACC5EF2005A79A0 /* Build configuration list for PBXProject "KindleReader" */;
			compatibilityVersion = "Xcode 14.0";
			developmentRegion = en;
			hasScannedForEncodings = 0;
			knownRegions = (
				en,
				Base,
			);
			mainGroup = 26E43EFE2ACC5EF2005A79A0;
			productRefGroup = 26E43F082ACC5EF2005A79A0 /* Products */;
			projectDirPath = "";
			projectRoot = "";
			targets = (
				26E43F062ACC5EF2005A79A0 /* KindleReader */,
				26E43F172ACC5EF4005A79A0 /* KindleReaderTests */,
				26E43F212ACC5EF4005A79A0 /* KindleReaderUITests */,
			);
		};
/* End PBXProject section */

/* Begin PBXResourcesBuildPhase section */
		26E43F052ACC5EF2005A79A0 /* Resources */ = {
			isa = PBXResourcesBuildPhase;
			buildActionMask = 2147483647;
			files = (
				26E43F0F2ACC5EF4005A79A0 /* Assets.xcassets in Resources */,
				26E43F122ACC5EF4005A79A0 /* Main.storyboard in Resources */,
			);
			runOnlyForDeploymentPostprocessing = 0;
		};
		26E43F162ACC5EF4005A79A0 /* Resources */ = {
			isa = PBXResourcesBuildPhase;
			buildActionMask = 2147483647;
			files = (
			);
			runOnlyForDeploymentPostprocessing = 0;
		};
		26E43F202ACC5EF4005A79A0 /* Resources */ = {
			isa = PBXResourcesBuildPhase;
			buildActionMask = 2147483647;
			files = (
			);
			runOnlyForDeploymentPostprocessing = 0;
		};
/* End PBXResourcesBuildPhase section */

/* Begin PBXSourcesBuildPhase section */
		26E43F032ACC5EF2005A79A0 /* Sources */ = {
			isa = PBXSourcesBuildPhase;
			buildActionMask = 2147483647;
			files = (
				26E43F0D2ACC5EF2005A79A0 /* ViewController.swift in Sources */,
				26E43F362ACD63F9005A79A0 /* SelectKindleViewController.swift in Sources */,
				26E43F0B2ACC5EF2005A79A0 /* AppDelegate.swift in Sources */,
			);
			runOnlyForDeploymentPostprocessing = 0;
		};
		26E43F142ACC5EF4005A79A0 /* Sources */ = {
			isa = PBXSourcesBuildPhase;
			buildActionMask = 2147483647;
			files = (
				26E43F1D2ACC5EF4005A79A0 /* KindleReaderTests.swift in Sources */,
			);
			runOnlyForDeploymentPostprocessing = 0;
		};
		26E43F1E2ACC5EF4005A79A0 /* Sources */ = {
			isa = PBXSourcesBuildPhase;
			buildActionMask = 2147483647;
			files = (
				26E43F292ACC5EF4005A79A0 /* KindleReaderUITestsLaunchTests.swift in Sources */,
				26E43F272ACC5EF4005A79A0 /* KindleReaderUITests.swift in Sources */,
			);
			runOnlyForDeploymentPostprocessing = 0;
		};
/* End PBXSourcesBuildPhase section */

/* Begin PBXTargetDependency section */
		26E43F1A2ACC5EF4005A79A0 /* PBXTargetDependency */ = {
			isa = PBXTargetDependency;
			target = 26E43F062ACC5EF2005A79A0 /* KindleReader */;
			targetProxy = 26E43F192ACC5EF4005A79A0 /* PBXContainerItemProxy */;
		};
		26E43F242ACC5EF4005A79A0 /* PBXTargetDependency */ = {
			isa = PBXTargetDependency;
			target = 26E43F062ACC5EF2005A79A0 /* KindleReader */;
			targetProxy = 26E43F232ACC5EF4005A79A0 /* PBXContainerItemProxy */;
		};
/* End PBXTargetDependency section */

/* Begin PBXVariantGroup section */
		26E43F102ACC5EF4005A79A0 /* Main.storyboard */ = {
			isa = PBXVariantGroup;
			children = (
				26E43F112ACC5EF4005A79A0 /* Base */,
			);
			name = Main.storyboard;
			sourceTree = "<group>";
		};
/* End PBXVariantGroup section */

/* Begin XCBuildConfiguration section */
		26E43F2A2ACC5EF4005A79A0 /* Debug */ = {
			isa = XCBuildConfiguration;
			buildSettings = {
				ALWAYS_SEARCH_USER_PATHS = NO;
				CLANG_ANALYZER_NONNULL = YES;
				CLANG_ANALYZER_NUMBER_OBJECT_CONVERSION = YES_AGGRESSIVE;
				CLANG_CXX_LANGUAGE_STANDARD = "gnu++20";
				CLANG_ENABLE_MODULES = YES;
				CLANG_ENABLE_OBJC_ARC = YES;
				CLANG_ENABLE_OBJC_WEAK = YES;
				CLANG_WARN_BLOCK_CAPTURE_AUTORELEASING = YES;
				CLANG_WARN_BOOL_CONVERSION = YES;
				CLANG_WARN_COMMA = YES;
				CLANG_WARN_CONSTANT_CONVERSION = YES;
				CLANG_WARN_DEPRECATED_OBJC_IMPLEMENTATIONS = YES;
				CLANG_WARN_DIRECT_OBJC_ISA_USAGE = YES_ERROR;
				CLANG_WARN_DOCUMENTATION_COMMENTS = YES;
				CLANG_WARN_EMPTY_BODY = YES;
				CLANG_WARN_ENUM_CONVERSION = YES;
				CLANG_WARN_INFINITE_RECURSION = YES;
				CLANG_WARN_INT_CONVERSION = YES;
				CLANG_WARN_NON_LITERAL_NULL_CONVERSION = YES;
				CLANG_WARN_OBJC_IMPLICIT_RETAIN_SELF = YES;
				CLANG_WARN_OBJC_LITERAL_CONVERSION = YES;
				CLANG_WARN_OBJC_ROOT_CLASS = YES_ERROR;
				CLANG_WARN_QUOTED_INCLUDE_IN_FRAMEWORK_HEADER = YES;
				CLANG_WARN_RANGE_LOOP_ANALYSIS = YES;
				CLANG_WARN_STRICT_PROTOTYPES = YES;
				CLANG_WARN_SUSPICIOUS_MOVE = YES;
				CLANG_WARN_UNGUARDED_AVAILABILITY = YES_AGGRESSIVE;
				CLANG_WARN_UNREACHABLE_CODE = YES;
				CLANG_WARN__DUPLICATE_METHOD_MATCH = YES;
				COPY_PHASE_STRIP = NO;
				DEBUG_INFORMATION_FORMAT = dwarf;
				ENABLE_STRICT_OBJC_MSGSEND = YES;
				ENABLE_TESTABILITY = YES;
				GCC_C_LANGUAGE_STANDARD = gnu11;
				GCC_DYNAMIC_NO_PIC = NO;
				GCC_NO_COMMON_BLOCKS = YES;
				GCC_OPTIMIZATION_LEVEL = 0;
				GCC_PREPROCESSOR_DEFINITIONS = (
					"DEBUG=1",
					"$(inherited)",
				);
				GCC_WARN_64_TO_32_BIT_CONVERSION = YES;
				GCC_WARN_ABOUT_RETURN_TYPE = YES_ERROR;
				GCC_WARN_UNDECLARED_SELECTOR = YES;
				GCC_WARN_UNINITIALIZED_AUTOS = YES_AGGRESSIVE;
				GCC_WARN_UNUSED_FUNCTION = YES;
				GCC_WARN_UNUSED_VARIABLE = YES;
				MACOSX_DEPLOYMENT_TARGET = 13.3;
				MTL_ENABLE_DEBUG_INFO = INCLUDE_SOURCE;
				MTL_FAST_MATH = YES;
				ONLY_ACTIVE_ARCH = YES;
				SDKROOT = macosx;
				SWIFT_ACTIVE_COMPILATION_CONDITIONS = DEBUG;
				SWIFT_OPTIMIZATION_LEVEL = "-Onone";
			};
			name = Debug;
		};
		26E43F2B2ACC5EF4005A79A0 /* Release */ = {
			isa = XCBuildConfiguration;
			buildSettings = {
				ALWAYS_SEARCH_USER_PATHS = NO;
				CLANG_ANALYZER_NONNULL = YES;
				CLANG_ANALYZER_NUMBER_OBJECT_CONVERSION = YES_AGGRESSIVE;
				CLANG_CXX_LANGUAGE_STANDARD = "gnu++20";
				CLANG_ENABLE_MODULES = YES;
				CLANG_ENABLE_OBJC_ARC = YES;
				CLANG_ENABLE_OBJC_WEAK = YES;
				CLANG_WARN_BLOCK_CAPTURE_AUTORELEASING = YES;
				CLANG_WARN_BOOL_CONVERSION = YES;
				CLANG_WARN_COMMA = YES;
				CLANG_WARN_CONSTANT_CONVERSION = YES;
				CLANG_WARN_DEPRECATED_OBJC_IMPLEMENTATIONS = YES;
				CLANG_WARN_DIRECT_OBJC_ISA_USAGE = YES_ERROR;
				CLANG_WARN_DOCUMENTATION_COMMENTS = YES;
				CLANG_WARN_EMPTY_BODY = YES;
				CLANG_WARN_ENUM_CONVERSION = YES;
				CLANG_WARN_INFINITE_RECURSION = YES;
				CLANG_WARN_INT_CONVERSION = YES;
				CLANG_WARN_NON_LITERAL_NULL_CONVERSION = YES;
				CLANG_WARN_OBJC_IMPLICIT_RETAIN_SELF = YES;
				CLANG_WARN_OBJC_LITERAL_CONVERSION = YES;
				CLANG_WARN_OBJC_ROOT_CLASS = YES_ERROR;
				CLANG_WARN_QUOTED_INCLUDE_IN_FRAMEWORK_HEADER = YES;
				CLANG_WARN_RANGE_LOOP_ANALYSIS = YES;
				CLANG_WARN_STRICT_PROTOTYPES = YES;
				CLANG_WARN_SUSPICIOUS_MOVE = YES;
				CLANG_WARN_UNGUARDED_AVAILABILITY = YES_AGGRESSIVE;
				CLANG_WARN_UNREACHABLE_CODE = YES;
				CLANG_WARN__DUPLICATE_METHOD_MATCH = YES;
				COPY_PHASE_STRIP = NO;
				DEBUG_INFORMATION_FORMAT = "dwarf-with-dsym";
				ENABLE_NS_ASSERTIONS = NO;
				ENABLE_STRICT_OBJC_MSGSEND = YES;
				GCC_C_LANGUAGE_STANDARD = gnu11;
				GCC_NO_COMMON_BLOCKS = YES;
				GCC_WARN_64_TO_32_BIT_CONVERSION = YES;
				GCC_WARN_ABOUT_RETURN_TYPE = YES_ERROR;
				GCC_WARN_UNDECLARED_SELECTOR = YES;
				GCC_WARN_UNINITIALIZED_AUTOS = YES_AGGRESSIVE;
				GCC_WARN_UNUSED_FUNCTION = YES;
				GCC_WARN_UNUSED_VARIABLE = YES;
				MACOSX_DEPLOYMENT_TARGET = 13.3;
				MTL_ENABLE_DEBUG_INFO = NO;
				MTL_FAST_MATH = YES;
				SDKROOT = macosx;
				SWIFT_COMPILATION_MODE = wholemodule;
				SWIFT_OPTIMIZATION_LEVEL = "-O";
			};
			name = Release;
		};
		26E43F2D2ACC5EF4005A79A0 /* Debug */ = {
			isa = XCBuildConfiguration;
			buildSettings = {
				ASSETCATALOG_COMPILER_APPICON_NAME = AppIcon;
				ASSETCATALOG_COMPILER_GLOBAL_ACCENT_COLOR_NAME = AccentColor;
				CODE_SIGN_ENTITLEMENTS = KindleReader/KindleReader.entitlements;
				CODE_SIGN_STYLE = Automatic;
				COMBINE_HIDPI_IMAGES = YES;
				CURRENT_PROJECT_VERSION = 1;
				DEVELOPMENT_TEAM = 8957HHS4ZA;
				GENERATE_INFOPLIST_FILE = YES;
				INFOPLIST_KEY_NSHumanReadableCopyright = "";
				INFOPLIST_KEY_NSMainStoryboardFile = Main;
				INFOPLIST_KEY_NSPrincipalClass = NSApplication;
				LD_RUNPATH_SEARCH_PATHS = (
					"$(inherited)",
					"@executable_path/../Frameworks",
				);
				MARKETING_VERSION = 1.0;
				PRODUCT_BUNDLE_IDENTIFIER = TheSmallSquare.KindleReader;
				PRODUCT_NAME = "$(TARGET_NAME)";
				SWIFT_EMIT_LOC_STRINGS = YES;
				SWIFT_VERSION = 5.0;
			};
			name = Debug;
		};
		26E43F2E2ACC5EF4005A79A0 /* Release */ = {
			isa = XCBuildConfiguration;
			buildSettings = {
				ASSETCATALOG_COMPILER_APPICON_NAME = AppIcon;
				ASSETCATALOG_COMPILER_GLOBAL_ACCENT_COLOR_NAME = AccentColor;
				CODE_SIGN_ENTITLEMENTS = KindleReader/KindleReader.entitlements;
				CODE_SIGN_STYLE = Automatic;
				COMBINE_HIDPI_IMAGES = YES;
				CURRENT_PROJECT_VERSION = 1;
				DEVELOPMENT_TEAM = 8957HHS4ZA;
				GENERATE_INFOPLIST_FILE = YES;
				INFOPLIST_KEY_NSHumanReadableCopyright = "";
				INFOPLIST_KEY_NSMainStoryboardFile = Main;
				INFOPLIST_KEY_NSPrincipalClass = NSApplication;
				LD_RUNPATH_SEARCH_PATHS = (
					"$(inherited)",
					"@executable_path/../Frameworks",
				);
				MARKETING_VERSION = 1.0;
				PRODUCT_BUNDLE_IDENTIFIER = TheSmallSquare.KindleReader;
				PRODUCT_NAME = "$(TARGET_NAME)";
				SWIFT_EMIT_LOC_STRINGS = YES;
				SWIFT_VERSION = 5.0;
			};
			name = Release;
		};
		26E43F302ACC5EF4005A79A0 /* Debug */ = {
			isa = XCBuildConfiguration;
			buildSettings = {
				ALWAYS_EMBED_SWIFT_STANDARD_LIBRARIES = YES;
				BUNDLE_LOADER = "$(TEST_HOST)";
				CODE_SIGN_STYLE = Automatic;
				CURRENT_PROJECT_VERSION = 1;
				GENERATE_INFOPLIST_FILE = YES;
				MACOSX_DEPLOYMENT_TARGET = 13.3;
				MARKETING_VERSION = 1.0;
				PRODUCT_BUNDLE_IDENTIFIER = TheSmallSquare.KindleReaderTests;
				PRODUCT_NAME = "$(TARGET_NAME)";
				SWIFT_EMIT_LOC_STRINGS = NO;
				SWIFT_VERSION = 5.0;
				TEST_HOST = "$(BUILT_PRODUCTS_DIR)/KindleReader.app/$(BUNDLE_EXECUTABLE_FOLDER_PATH)/KindleReader";
			};
			name = Debug;
		};
		26E43F312ACC5EF4005A79A0 /* Release */ = {
			isa = XCBuildConfiguration;
			buildSettings = {
				ALWAYS_EMBED_SWIFT_STANDARD_LIBRARIES = YES;
				BUNDLE_LOADER = "$(TEST_HOST)";
				CODE_SIGN_STYLE = Automatic;
				CURRENT_PROJECT_VERSION = 1;
				GENERATE_INFOPLIST_FILE = YES;
				MACOSX_DEPLOYMENT_TARGET = 13.3;
				MARKETING_VERSION = 1.0;
				PRODUCT_BUNDLE_IDENTIFIER = TheSmallSquare.KindleReaderTests;
				PRODUCT_NAME = "$(TARGET_NAME)";
				SWIFT_EMIT_LOC_STRINGS = NO;
				SWIFT_VERSION = 5.0;
				TEST_HOST = "$(BUILT_PRODUCTS_DIR)/KindleReader.app/$(BUNDLE_EXECUTABLE_FOLDER_PATH)/KindleReader";
			};
			name = Release;
		};
		26E43F332ACC5EF4005A79A0 /* Debug */ = {
			isa = XCBuildConfiguration;
			buildSettings = {
				ALWAYS_EMBED_SWIFT_STANDARD_LIBRARIES = YES;
				CODE_SIGN_STYLE = Automatic;
				CURRENT_PROJECT_VERSION = 1;
				GENERATE_INFOPLIST_FILE = YES;
				MARKETING_VERSION = 1.0;
				PRODUCT_BUNDLE_IDENTIFIER = TheSmallSquare.KindleReaderUITests;
				PRODUCT_NAME = "$(TARGET_NAME)";
				SWIFT_EMIT_LOC_STRINGS = NO;
				SWIFT_VERSION = 5.0;
				TEST_TARGET_NAME = KindleReader;
			};
			name = Debug;
		};
		26E43F342ACC5EF4005A79A0 /* Release */ = {
			isa = XCBuildConfiguration;
			buildSettings = {
				ALWAYS_EMBED_SWIFT_STANDARD_LIBRARIES = YES;
				CODE_SIGN_STYLE = Automatic;
				CURRENT_PROJECT_VERSION = 1;
				GENERATE_INFOPLIST_FILE = YES;
				MARKETING_VERSION = 1.0;
				PRODUCT_BUNDLE_IDENTIFIER = TheSmallSquare.KindleReaderUITests;
				PRODUCT_NAME = "$(TARGET_NAME)";
				SWIFT_EMIT_LOC_STRINGS = NO;
				SWIFT_VERSION = 5.0;
				TEST_TARGET_NAME = KindleReader;
			};
			name = Release;
		};
/* End XCBuildConfiguration section */

/* Begin XCConfigurationList section */
		26E43F022ACC5EF2005A79A0 /* Build configuration list for PBXProject "KindleReader" */ = {
			isa = XCConfigurationList;
			buildConfigurations = (
				26E43F2A2ACC5EF4005A79A0 /* Debug */,
				26E43F2B2ACC5EF4005A79A0 /* Release */,
			);
			defaultConfigurationIsVisible = 0;
			defaultConfigurationName = Release;
		};
		26E43F2C2ACC5EF4005A79A0 /* Build configuration list for PBXNativeTarget "KindleReader" */ = {
			isa = XCConfigurationList;
			buildConfigurations = (
				26E43F2D2ACC5EF4005A79A0 /* Debug */,
				26E43F2E2ACC5EF4005A79A0 /* Release */,
			);
			defaultConfigurationIsVisible = 0;
			defaultConfigurationName = Release;
		};
		26E43F2F2ACC5EF4005A79A0 /* Build configuration list for PBXNativeTarget "KindleReaderTests" */ = {
			isa = XCConfigurationList;
			buildConfigurations = (
				26E43F302ACC5EF4005A79A0 /* Debug */,
				26E43F312ACC5EF4005A79A0 /* Release */,
			);
			defaultConfigurationIsVisible = 0;
			defaultConfigurationName = Release;
		};
		26E43F322ACC5EF4005A79A0 /* Build configuration list for PBXNativeTarget "KindleReaderUITests" */ = {
			isa = XCConfigurationList;
			buildConfigurations = (
				26E43F332ACC5EF4005A79A0 /* Debug */,
				26E43F342ACC5EF4005A79A0 /* Release */,
			);
			defaultConfigurationIsVisible = 0;
			defaultConfigurationName = Release;
		};
/* End XCConfigurationList section */
	};
	rootObject = 26E43EFF2ACC5EF2005A79A0 /* Project object */;
}
